
Microsoft Visual Studio Solution File, Format Version 12.00
# Visual Studio Version 16
VisualStudioVersion = 25.0.1705.2
MinimumVisualStudioVersion = 10.0.40219.1
Project("{FAE04EC0-301F-11D3-BF4B-00C04F79EFBC}") = "HelpAMateAPI", "HelpAMateAPI\HelpAMateAPI.csproj", "{29335AF6-9301-4939-8681-768FF69985A9}"
EndProject
Global
	GlobalSection(SolutionConfigurationPlatforms) = preSolution
		Debug|Any CPU = Debug|Any CPU
		Release|Any CPU = Release|Any CPU
	EndGlobalSection
	GlobalSection(ProjectConfigurationPlatforms) = postSolution
		{29335AF6-9301-4939-8681-768FF69985A9}.Debug|Any CPU.ActiveCfg = Debug|Any CPU
		{29335AF6-9301-4939-8681-768FF69985A9}.Debug|Any CPU.Build.0 = Debug|Any CPU
		{29335AF6-9301-4939-8681-768FF69985A9}.Release|Any CPU.ActiveCfg = Release|Any CPU
		{29335AF6-9301-4939-8681-768FF69985A9}.Release|Any CPU.Build.0 = Release|Any CPU
	EndGlobalSection
	GlobalSection(SolutionProperties) = preSolution
		HideSolutionNode = FALSE
	EndGlobalSection
	GlobalSection(ExtensibilityGlobals) = postSolution
		SolutionGuid = {14A8E067-4C6C-4820-80DA-229E09E1F698}
	EndGlobalSection
EndGlobal
